// !$*UTF8*$!
{
	archiveVersion = 1;
	classes = {
	};
	objectVersion = 50;
	objects = {

/* Begin PBXBuildFile section */
		BF6478512487945D00A83037 /* AppDelegate.swift in Sources */ = {isa = PBXBuildFile; fileRef = BF6478502487945D00A83037 /* AppDelegate.swift */; };
		BF6478532487945D00A83037 /* SceneDelegate.swift in Sources */ = {isa = PBXBuildFile; fileRef = BF6478522487945D00A83037 /* SceneDelegate.swift */; };
		BF6478552487945D00A83037 /* ContentView.swift in Sources */ = {isa = PBXBuildFile; fileRef = BF6478542487945D00A83037 /* ContentView.swift */; };
		BF6478572487945F00A83037 /* Assets.xcassets in Resources */ = {isa = PBXBuildFile; fileRef = BF6478562487945F00A83037 /* Assets.xcassets */; };
		BF64785A2487945F00A83037 /* Preview Assets.xcassets in Resources */ = {isa = PBXBuildFile; fileRef = BF6478592487945F00A83037 /* Preview Assets.xcassets */; };
		BF64785D2487945F00A83037 /* LaunchScreen.storyboard in Resources */ = {isa = PBXBuildFile; fileRef = BF64785B2487945F00A83037 /* LaunchScreen.storyboard */; };
		BF6478682487946000A83037 /* SwiftUI_TabView_NavigationViewTests.swift in Sources */ = {isa = PBXBuildFile; fileRef = BF6478672487946000A83037 /* SwiftUI_TabView_NavigationViewTests.swift */; };
		BF6478732487946000A83037 /* SwiftUI_TabView_NavigationViewUITests.swift in Sources */ = {isa = PBXBuildFile; fileRef = BF6478722487946000A83037 /* SwiftUI_TabView_NavigationViewUITests.swift */; };
/* End PBXBuildFile section */

/* Begin PBXContainerItemProxy section */
		BF6478642487946000A83037 /* PBXContainerItemProxy */ = {
			isa = PBXContainerItemProxy;
			containerPortal = BF6478452487945D00A83037 /* Project object */;
			proxyType = 1;
			remoteGlobalIDString = BF64784C2487945D00A83037;
			remoteInfo = "SwiftUI_TabView+NavigationView";
		};
		BF64786F2487946000A83037 /* PBXContainerItemProxy */ = {
			isa = PBXContainerItemProxy;
			containerPortal = BF6478452487945D00A83037 /* Project object */;
			proxyType = 1;
			remoteGlobalIDString = BF64784C2487945D00A83037;
			remoteInfo = "SwiftUI_TabView+NavigationView";
		};
/* End PBXContainerItemProxy section */

/* Begin PBXFileReference section */
		BF64784D2487945D00A83037 /* SwiftUI_TabView+NavigationView.app */ = {isa = PBXFileReference; explicitFileType = wrapper.application; includeInIndex = 0; path = "SwiftUI_TabView+NavigationView.app"; sourceTree = BUILT_PRODUCTS_DIR; };
		BF6478502487945D00A83037 /* AppDelegate.swift */ = {isa = PBXFileReference; lastKnownFileType = sourcecode.swift; path = AppDelegate.swift; sourceTree = "<group>"; };
		BF6478522487945D00A83037 /* SceneDelegate.swift */ = {isa = PBXFileReference; lastKnownFileType = sourcecode.swift; path = SceneDelegate.swift; sourceTree = "<group>"; };
		BF6478542487945D00A83037 /* ContentView.swift */ = {isa = PBXFileReference; lastKnownFileType = sourcecode.swift; path = ContentView.swift; sourceTree = "<group>"; };
		BF6478562487945F00A83037 /* Assets.xcassets */ = {isa = PBXFileReference; lastKnownFileType = folder.assetcatalog; path = Assets.xcassets; sourceTree = "<group>"; };
		BF6478592487945F00A83037 /* Preview Assets.xcassets */ = {isa = PBXFileReference; lastKnownFileType = folder.assetcatalog; path = "Preview Assets.xcassets"; sourceTree = "<group>"; };
		BF64785C2487945F00A83037 /* Base */ = {isa = PBXFileReference; lastKnownFileType = file.storyboard; name = Base; path = Base.lproj/LaunchScreen.storyboard; sourceTree = "<group>"; };
		BF64785E2487945F00A83037 /* Info.plist */ = {isa = PBXFileReference; lastKnownFileType = text.plist.xml; path = Info.plist; sourceTree = "<group>"; };
		BF6478632487946000A83037 /* SwiftUI_TabView+NavigationViewTests.xctest */ = {isa = PBXFileReference; explicitFileType = wrapper.cfbundle; includeInIndex = 0; path = "SwiftUI_TabView+NavigationViewTests.xctest"; sourceTree = BUILT_PRODUCTS_DIR; };
		BF6478672487946000A83037 /* SwiftUI_TabView_NavigationViewTests.swift */ = {isa = PBXFileReference; lastKnownFileType = sourcecode.swift; path = SwiftUI_TabView_NavigationViewTests.swift; sourceTree = "<group>"; };
		BF6478692487946000A83037 /* Info.plist */ = {isa = PBXFileReference; lastKnownFileType = text.plist.xml; path = Info.plist; sourceTree = "<group>"; };
		BF64786E2487946000A83037 /* SwiftUI_TabView+NavigationViewUITests.xctest */ = {isa = PBXFileReference; explicitFileType = wrapper.cfbundle; includeInIndex = 0; path = "SwiftUI_TabView+NavigationViewUITests.xctest"; sourceTree = BUILT_PRODUCTS_DIR; };
		BF6478722487946000A83037 /* SwiftUI_TabView_NavigationViewUITests.swift */ = {isa = PBXFileReference; lastKnownFileType = sourcecode.swift; path = SwiftUI_TabView_NavigationViewUITests.swift; sourceTree = "<group>"; };
		BF6478742487946000A83037 /* Info.plist */ = {isa = PBXFileReference; lastKnownFileType = text.plist.xml; path = Info.plist; sourceTree = "<group>"; };
/* End PBXFileReference section */

/* Begin PBXFrameworksBuildPhase section */
		BF64784A2487945D00A83037 /* Frameworks */ = {
			isa = PBXFrameworksBuildPhase;
			buildActionMask = 2147483647;
			files = (
			);
			runOnlyForDeploymentPostprocessing = 0;
		};
		BF6478602487946000A83037 /* Frameworks */ = {
			isa = PBXFrameworksBuildPhase;
			buildActionMask = 2147483647;
			files = (
			);
			runOnlyForDeploymentPostprocessing = 0;
		};
		BF64786B2487946000A83037 /* Frameworks */ = {
			isa = PBXFrameworksBuildPhase;
			buildActionMask = 2147483647;
			files = (
			);
			runOnlyForDeploymentPostprocessing = 0;
		};
/* End PBXFrameworksBuildPhase section */

/* Begin PBXGroup section */
		BF6478442487945D00A83037 = {
			isa = PBXGroup;
			children = (
				BF64784F2487945D00A83037 /* SwiftUI_TabView+NavigationView */,
				BF6478662487946000A83037 /* SwiftUI_TabView+NavigationViewTests */,
				BF6478712487946000A83037 /* SwiftUI_TabView+NavigationViewUITests */,
				BF64784E2487945D00A83037 /* Products */,
			);
			sourceTree = "<group>";
		};
		BF64784E2487945D00A83037 /* Products */ = {
			isa = PBXGroup;
			children = (
				BF64784D2487945D00A83037 /* SwiftUI_TabView+NavigationView.app */,
				BF6478632487946000A83037 /* SwiftUI_TabView+NavigationViewTests.xctest */,
				BF64786E2487946000A83037 /* SwiftUI_TabView+NavigationViewUITests.xctest */,
			);
			name = Products;
			sourceTree = "<group>";
		};
		BF64784F2487945D00A83037 /* SwiftUI_TabView+NavigationView */ = {
			isa = PBXGroup;
			children = (
				BF6478502487945D00A83037 /* AppDelegate.swift */,
				BF6478522487945D00A83037 /* SceneDelegate.swift */,
				BF6478542487945D00A83037 /* ContentView.swift */,
				BF6478562487945F00A83037 /* Assets.xcassets */,
				BF64785B2487945F00A83037 /* LaunchScreen.storyboard */,
				BF64785E2487945F00A83037 /* Info.plist */,
				BF6478582487945F00A83037 /* Preview Content */,
			);
			path = "SwiftUI_TabView+NavigationView";
			sourceTree = "<group>";
		};
		BF6478582487945F00A83037 /* Preview Content */ = {
			isa = PBXGroup;
			children = (
				BF6478592487945F00A83037 /* Preview Assets.xcassets */,
			);
			path = "Preview Content";
			sourceTree = "<group>";
		};
		BF6478662487946000A83037 /* SwiftUI_TabView+NavigationViewTests */ = {
			isa = PBXGroup;
			children = (
				BF6478672487946000A83037 /* SwiftUI_TabView_NavigationViewTests.swift */,
				BF6478692487946000A83037 /* Info.plist */,
			);
			path = "SwiftUI_TabView+NavigationViewTests";
			sourceTree = "<group>";
		};
		BF6478712487946000A83037 /* SwiftUI_TabView+NavigationViewUITests */ = {
			isa = PBXGroup;
			children = (
				BF6478722487946000A83037 /* SwiftUI_TabView_NavigationViewUITests.swift */,
				BF6478742487946000A83037 /* Info.plist */,
			);
			path = "SwiftUI_TabView+NavigationViewUITests";
			sourceTree = "<group>";
		};
/* End PBXGroup section */

/* Begin PBXNativeTarget section */
		BF64784C2487945D00A83037 /* SwiftUI_TabView+NavigationView */ = {
			isa = PBXNativeTarget;
			buildConfigurationList = BF6478772487946000A83037 /* Build configuration list for PBXNativeTarget "SwiftUI_TabView+NavigationView" */;
			buildPhases = (
				BF6478492487945D00A83037 /* Sources */,
				BF64784A2487945D00A83037 /* Frameworks */,
				BF64784B2487945D00A83037 /* Resources */,
			);
			buildRules = (
			);
			dependencies = (
			);
			name = "SwiftUI_TabView+NavigationView";
			productName = "SwiftUI_TabView+NavigationView";
			productReference = BF64784D2487945D00A83037 /* SwiftUI_TabView+NavigationView.app */;
			productType = "com.apple.product-type.application";
		};
		BF6478622487946000A83037 /* SwiftUI_TabView+NavigationViewTests */ = {
			isa = PBXNativeTarget;
			buildConfigurationList = BF64787A2487946000A83037 /* Build configuration list for PBXNativeTarget "SwiftUI_TabView+NavigationViewTests" */;
			buildPhases = (
				BF64785F2487946000A83037 /* Sources */,
				BF6478602487946000A83037 /* Frameworks */,
				BF6478612487946000A83037 /* Resources */,
			);
			buildRules = (
			);
			dependencies = (
				BF6478652487946000A83037 /* PBXTargetDependency */,
			);
			name = "SwiftUI_TabView+NavigationViewTests";
			productName = "SwiftUI_TabView+NavigationViewTests";
			productReference = BF6478632487946000A83037 /* SwiftUI_TabView+NavigationViewTests.xctest */;
			productType = "com.apple.product-type.bundle.unit-test";
		};
		BF64786D2487946000A83037 /* SwiftUI_TabView+NavigationViewUITests */ = {
			isa = PBXNativeTarget;
			buildConfigurationList = BF64787D2487946000A83037 /* Build configuration list for PBXNativeTarget "SwiftUI_TabView+NavigationViewUITests" */;
			buildPhases = (
				BF64786A2487946000A83037 /* Sources */,
				BF64786B2487946000A83037 /* Frameworks */,
				BF64786C2487946000A83037 /* Resources */,
			);
			buildRules = (
			);
			dependencies = (
				BF6478702487946000A83037 /* PBXTargetDependency */,
			);
			name = "SwiftUI_TabView+NavigationViewUITests";
			productName = "SwiftUI_TabView+NavigationViewUITests";
			productReference = BF64786E2487946000A83037 /* SwiftUI_TabView+NavigationViewUITests.xctest */;
			productType = "com.apple.product-type.bundle.ui-testing";
		};
/* End PBXNativeTarget section */

/* Begin PBXProject section */
		BF6478452487945D00A83037 /* Project object */ = {
			isa = PBXProject;
			attributes = {
				LastSwiftUpdateCheck = 1140;
				LastUpgradeCheck = 1140;
				ORGANIZATIONNAME = ngarihealth;
				TargetAttributes = {
					BF64784C2487945D00A83037 = {
						CreatedOnToolsVersion = 11.4;
					};
					BF6478622487946000A83037 = {
						CreatedOnToolsVersion = 11.4;
						TestTargetID = BF64784C2487945D00A83037;
					};
					BF64786D2487946000A83037 = {
						CreatedOnToolsVersion = 11.4;
						TestTargetID = BF64784C2487945D00A83037;
					};
				};
			};
			buildConfigurationList = BF6478482487945D00A83037 /* Build configuration list for PBXProject "SwiftUI_TabView+NavigationView" */;
			compatibilityVersion = "Xcode 9.3";
			developmentRegion = en;
			hasScannedForEncodings = 0;
			knownRegions = (
				en,
				Base,
			);
			mainGroup = BF6478442487945D00A83037;
			productRefGroup = BF64784E2487945D00A83037 /* Products */;
			projectDirPath = "";
			projectRoot = "";
			targets = (
				BF64784C2487945D00A83037 /* SwiftUI_TabView+NavigationView */,
				BF6478622487946000A83037 /* SwiftUI_TabView+NavigationViewTests */,
				BF64786D2487946000A83037 /* SwiftUI_TabView+NavigationViewUITests */,
			);
		};
/* End PBXProject section */

/* Begin PBXResourcesBuildPhase section */
		BF64784B2487945D00A83037 /* Resources */ = {
			isa = PBXResourcesBuildPhase;
			buildActionMask = 2147483647;
			files = (
				BF64785D2487945F00A83037 /* LaunchScreen.storyboard in Resources */,
				BF64785A2487945F00A83037 /* Preview Assets.xcassets in Resources */,
				BF6478572487945F00A83037 /* Assets.xcassets in Resources */,
			);
			runOnlyForDeploymentPostprocessing = 0;
		};
		BF6478612487946000A83037 /* Resources */ = {
			isa = PBXResourcesBuildPhase;
			buildActionMask = 2147483647;
			files = (
			);
			runOnlyForDeploymentPostprocessing = 0;
		};
		BF64786C2487946000A83037 /* Resources */ = {
			isa = PBXResourcesBuildPhase;
			buildActionMask = 2147483647;
			files = (
			);
			runOnlyForDeploymentPostprocessing = 0;
		};
/* End PBXResourcesBuildPhase section */

/* Begin PBXSourcesBuildPhase section */
		BF6478492487945D00A83037 /* Sources */ = {
			isa = PBXSourcesBuildPhase;
			buildActionMask = 2147483647;
			files = (
				BF6478512487945D00A83037 /* AppDelegate.swift in Sources */,
				BF6478532487945D00A83037 /* SceneDelegate.swift in Sources */,
				BF6478552487945D00A83037 /* ContentView.swift in Sources */,
			);
			runOnlyForDeploymentPostprocessing = 0;
		};
		BF64785F2487946000A83037 /* Sources */ = {
			isa = PBXSourcesBuildPhase;
			buildActionMask = 2147483647;
			files = (
				BF6478682487946000A83037 /* SwiftUI_TabView_NavigationViewTests.swift in Sources */,
			);
			runOnlyForDeploymentPostprocessing = 0;
		};
		BF64786A2487946000A83037 /* Sources */ = {
			isa = PBXSourcesBuildPhase;
			buildActionMask = 2147483647;
			files = (
				BF6478732487946000A83037 /* SwiftUI_TabView_NavigationViewUITests.swift in Sources */,
			);
			runOnlyForDeploymentPostprocessing = 0;
		};
/* End PBXSourcesBuildPhase section */

/* Begin PBXTargetDependency section */
		BF6478652487946000A83037 /* PBXTargetDependency */ = {
			isa = PBXTargetDependency;
			target = BF64784C2487945D00A83037 /* SwiftUI_TabView+NavigationView */;
			targetProxy = BF6478642487946000A83037 /* PBXContainerItemProxy */;
		};
		BF6478702487946000A83037 /* PBXTargetDependency */ = {
			isa = PBXTargetDependency;
			target = BF64784C2487945D00A83037 /* SwiftUI_TabView+NavigationView */;
			targetProxy = BF64786F2487946000A83037 /* PBXContainerItemProxy */;
		};
/* End PBXTargetDependency section */

/* Begin PBXVariantGroup section */
		BF64785B2487945F00A83037 /* LaunchScreen.storyboard */ = {
			isa = PBXVariantGroup;
			children = (
				BF64785C2487945F00A83037 /* Base */,
			);
			name = LaunchScreen.storyboard;
			sourceTree = "<group>";
		};
/* End PBXVariantGroup section */

/* Begin XCBuildConfiguration section */
		BF6478752487946000A83037 /* Debug */ = {
			isa = XCBuildConfiguration;
			buildSettings = {
				ALWAYS_SEARCH_USER_PATHS = NO;
				CLANG_ANALYZER_NONNULL = YES;
				CLANG_ANALYZER_NUMBER_OBJECT_CONVERSION = YES_AGGRESSIVE;
				CLANG_CXX_LANGUAGE_STANDARD = "gnu++14";
				CLANG_CXX_LIBRARY = "libc++";
				CLANG_ENABLE_MODULES = YES;
				CLANG_ENABLE_OBJC_ARC = YES;
				CLANG_ENABLE_OBJC_WEAK = YES;
				CLANG_WARN_BLOCK_CAPTURE_AUTORELEASING = YES;
				CLANG_WARN_BOOL_CONVERSION = YES;
				CLANG_WARN_COMMA = YES;
				CLANG_WARN_CONSTANT_CONVERSION = YES;
				CLANG_WARN_DEPRECATED_OBJC_IMPLEMENTATIONS = YES;
				CLANG_WARN_DIRECT_OBJC_ISA_USAGE = YES_ERROR;
				CLANG_WARN_DOCUMENTATION_COMMENTS = YES;
				CLANG_WARN_EMPTY_BODY = YES;
				CLANG_WARN_ENUM_CONVERSION = YES;
				CLANG_WARN_INFINITE_RECURSION = YES;
				CLANG_WARN_INT_CONVERSION = YES;
				CLANG_WARN_NON_LITERAL_NULL_CONVERSION = YES;
				CLANG_WARN_OBJC_IMPLICIT_RETAIN_SELF = YES;
				CLANG_WARN_OBJC_LITERAL_CONVERSION = YES;
				CLANG_WARN_OBJC_ROOT_CLASS = YES_ERROR;
				CLANG_WARN_RANGE_LOOP_ANALYSIS = YES;
				CLANG_WARN_STRICT_PROTOTYPES = YES;
				CLANG_WARN_SUSPICIOUS_MOVE = YES;
				CLANG_WARN_UNGUARDED_AVAILABILITY = YES_AGGRESSIVE;
				CLANG_WARN_UNREACHABLE_CODE = YES;
				CLANG_WARN__DUPLICATE_METHOD_MATCH = YES;
				COPY_PHASE_STRIP = NO;
				DEBUG_INFORMATION_FORMAT = dwarf;
				ENABLE_STRICT_OBJC_MSGSEND = YES;
				ENABLE_TESTABILITY = YES;
				GCC_C_LANGUAGE_STANDARD = gnu11;
				GCC_DYNAMIC_NO_PIC = NO;
				GCC_NO_COMMON_BLOCKS = YES;
				GCC_OPTIMIZATION_LEVEL = 0;
				GCC_PREPROCESSOR_DEFINITIONS = (
					"DEBUG=1",
					"$(inherited)",
				);
				GCC_WARN_64_TO_32_BIT_CONVERSION = YES;
				GCC_WARN_ABOUT_RETURN_TYPE = YES_ERROR;
				GCC_WARN_UNDECLARED_SELECTOR = YES;
				GCC_WARN_UNINITIALIZED_AUTOS = YES_AGGRESSIVE;
				GCC_WARN_UNUSED_FUNCTION = YES;
				GCC_WARN_UNUSED_VARIABLE = YES;
				IPHONEOS_DEPLOYMENT_TARGET = 13.4;
				MTL_ENABLE_DEBUG_INFO = INCLUDE_SOURCE;
				MTL_FAST_MATH = YES;
				ONLY_ACTIVE_ARCH = YES;
				SDKROOT = iphoneos;
				SWIFT_ACTIVE_COMPILATION_CONDITIONS = DEBUG;
				SWIFT_OPTIMIZATION_LEVEL = "-Onone";
			};
			name = Debug;
		};
		BF6478762487946000A83037 /* Release */ = {
			isa = XCBuildConfiguration;
			buildSettings = {
				ALWAYS_SEARCH_USER_PATHS = NO;
				CLANG_ANALYZER_NONNULL = YES;
				CLANG_ANALYZER_NUMBER_OBJECT_CONVERSION = YES_AGGRESSIVE;
				CLANG_CXX_LANGUAGE_STANDARD = "gnu++14";
				CLANG_CXX_LIBRARY = "libc++";
				CLANG_ENABLE_MODULES = YES;
				CLANG_ENABLE_OBJC_ARC = YES;
				CLANG_ENABLE_OBJC_WEAK = YES;
				CLANG_WARN_BLOCK_CAPTURE_AUTORELEASING = YES;
				CLANG_WARN_BOOL_CONVERSION = YES;
				CLANG_WARN_COMMA = YES;
				CLANG_WARN_CONSTANT_CONVERSION = YES;
				CLANG_WARN_DEPRECATED_OBJC_IMPLEMENTATIONS = YES;
				CLANG_WARN_DIRECT_OBJC_ISA_USAGE = YES_ERROR;
				CLANG_WARN_DOCUMENTATION_COMMENTS = YES;
				CLANG_WARN_EMPTY_BODY = YES;
				CLANG_WARN_ENUM_CONVERSION = YES;
				CLANG_WARN_INFINITE_RECURSION = YES;
				CLANG_WARN_INT_CONVERSION = YES;
				CLANG_WARN_NON_LITERAL_NULL_CONVERSION = YES;
				CLANG_WARN_OBJC_IMPLICIT_RETAIN_SELF = YES;
				CLANG_WARN_OBJC_LITERAL_CONVERSION = YES;
				CLANG_WARN_OBJC_ROOT_CLASS = YES_ERROR;
				CLANG_WARN_RANGE_LOOP_ANALYSIS = YES;
				CLANG_WARN_STRICT_PROTOTYPES = YES;
				CLANG_WARN_SUSPICIOUS_MOVE = YES;
				CLANG_WARN_UNGUARDED_AVAILABILITY = YES_AGGRESSIVE;
				CLANG_WARN_UNREACHABLE_CODE = YES;
				CLANG_WARN__DUPLICATE_METHOD_MATCH = YES;
				COPY_PHASE_STRIP = NO;
				DEBUG_INFORMATION_FORMAT = "dwarf-with-dsym";
				ENABLE_NS_ASSERTIONS = NO;
				ENABLE_STRICT_OBJC_MSGSEND = YES;
				GCC_C_LANGUAGE_STANDARD = gnu11;
				GCC_NO_COMMON_BLOCKS = YES;
				GCC_WARN_64_TO_32_BIT_CONVERSION = YES;
				GCC_WARN_ABOUT_RETURN_TYPE = YES_ERROR;
				GCC_WARN_UNDECLARED_SELECTOR = YES;
				GCC_WARN_UNINITIALIZED_AUTOS = YES_AGGRESSIVE;
				GCC_WARN_UNUSED_FUNCTION = YES;
				GCC_WARN_UNUSED_VARIABLE = YES;
				IPHONEOS_DEPLOYMENT_TARGET = 13.4;
				MTL_ENABLE_DEBUG_INFO = NO;
				MTL_FAST_MATH = YES;
				SDKROOT = iphoneos;
				SWIFT_COMPILATION_MODE = wholemodule;
				SWIFT_OPTIMIZATION_LEVEL = "-O";
				VALIDATE_PRODUCT = YES;
			};
			name = Release;
		};
		BF6478782487946000A83037 /* Debug */ = {
			isa = XCBuildConfiguration;
			buildSettings = {
				ASSETCATALOG_COMPILER_APPICON_NAME = AppIcon;
				CODE_SIGN_STYLE = Automatic;
				DEVELOPMENT_ASSET_PATHS = "\"SwiftUI_TabView+NavigationView/Preview Content\"";
				DEVELOPMENT_TEAM = 2G9DF5JZCK;
				ENABLE_PREVIEWS = YES;
				INFOPLIST_FILE = "SwiftUI_TabView+NavigationView/Info.plist";
				LD_RUNPATH_SEARCH_PATHS = (
					"$(inherited)",
					"@executable_path/Frameworks",
				);
				PRODUCT_BUNDLE_IDENTIFIER = "com.kaili.SwiftUI-TabView-NavigationView";
				PRODUCT_NAME = "$(TARGET_NAME)";
				SWIFT_VERSION = 5.0;
				TARGETED_DEVICE_FAMILY = "1,2";
			};
			name = Debug;
		};
		BF6478792487946000A83037 /* Release */ = {
			isa = XCBuildConfiguration;
			buildSettings = {
				ASSETCATALOG_COMPILER_APPICON_NAME = AppIcon;
				CODE_SIGN_STYLE = Automatic;
				DEVELOPMENT_ASSET_PATHS = "\"SwiftUI_TabView+NavigationView/Preview Content\"";
				DEVELOPMENT_TEAM = 2G9DF5JZCK;
				ENABLE_PREVIEWS = YES;
				INFOPLIST_FILE = "SwiftUI_TabView+NavigationView/Info.plist";
				LD_RUNPATH_SEARCH_PATHS = (
					"$(inherited)",
					"@executable_path/Frameworks",
				);
				PRODUCT_BUNDLE_IDENTIFIER = "com.kaili.SwiftUI-TabView-NavigationView";
				PRODUCT_NAME = "$(TARGET_NAME)";
				SWIFT_VERSION = 5.0;
				TARGETED_DEVICE_FAMILY = "1,2";
			};
			name = Release;
		};
		BF64787B2487946000A83037 /* Debug */ = {
			isa = XCBuildConfiguration;
			buildSettings = {
				ALWAYS_EMBED_SWIFT_STANDARD_LIBRARIES = YES;
				BUNDLE_LOADER = "$(TEST_HOST)";
				CODE_SIGN_STYLE = Automatic;
				DEVELOPMENT_TEAM = 2G9DF5JZCK;
				INFOPLIST_FILE = "SwiftUI_TabView+NavigationViewTests/Info.plist";
				IPHONEOS_DEPLOYMENT_TARGET = 13.4;
				LD_RUNPATH_SEARCH_PATHS = (
					"$(inherited)",
					"@executable_path/Frameworks",
					"@loader_path/Frameworks",
				);
				PRODUCT_BUNDLE_IDENTIFIER = "com.kaili.SwiftUI-TabView-NavigationViewTests";
				PRODUCT_NAME = "$(TARGET_NAME)";
				SWIFT_VERSION = 5.0;
				TARGETED_DEVICE_FAMILY = "1,2";
				TEST_HOST = "$(BUILT_PRODUCTS_DIR)/SwiftUI_TabView+NavigationView.app/SwiftUI_TabView+NavigationView";
			};
			name = Debug;
		};
		BF64787C2487946000A83037 /* Release */ = {
			isa = XCBuildConfiguration;
			buildSettings = {
				ALWAYS_EMBED_SWIFT_STANDARD_LIBRARIES = YES;
				BUNDLE_LOADER = "$(TEST_HOST)";
				CODE_SIGN_STYLE = Automatic;
				DEVELOPMENT_TEAM = 2G9DF5JZCK;
				INFOPLIST_FILE = "SwiftUI_TabView+NavigationViewTests/Info.plist";
				IPHONEOS_DEPLOYMENT_TARGET = 13.4;
				LD_RUNPATH_SEARCH_PATHS = (
					"$(inherited)",
					"@executable_path/Frameworks",
					"@loader_path/Frameworks",
				);
				PRODUCT_BUNDLE_IDENTIFIER = "com.kaili.SwiftUI-TabView-NavigationViewTests";
				PRODUCT_NAME = "$(TARGET_NAME)";
				SWIFT_VERSION = 5.0;
				TARGETED_DEVICE_FAMILY = "1,2";
				TEST_HOST = "$(BUILT_PRODUCTS_DIR)/SwiftUI_TabView+NavigationView.app/SwiftUI_TabView+NavigationView";
			};
			name = Release;
		};
		BF64787E2487946000A83037 /* Debug */ = {
			isa = XCBuildConfiguration;
			buildSettings = {
				ALWAYS_EMBED_SWIFT_STANDARD_LIBRARIES = YES;
				CODE_SIGN_STYLE = Automatic;
				DEVELOPMENT_TEAM = 2G9DF5JZCK;
				INFOPLIST_FILE = "SwiftUI_TabView+NavigationViewUITests/Info.plist";
				LD_RUNPATH_SEARCH_PATHS = (
					"$(inherited)",
					"@executable_path/Frameworks",
					"@loader_path/Frameworks",
				);
				PRODUCT_BUNDLE_IDENTIFIER = "com.kaili.SwiftUI-TabView-NavigationViewUITests";
				PRODUCT_NAME = "$(TARGET_NAME)";
				SWIFT_VERSION = 5.0;
				TARGETED_DEVICE_FAMILY = "1,2";
				TEST_TARGET_NAME = "SwiftUI_TabView+NavigationView";
			};
			name = Debug;
		};
		BF64787F2487946000A83037 /* Release */ = {
			isa = XCBuildConfiguration;
			buildSettings = {
				ALWAYS_EMBED_SWIFT_STANDARD_LIBRARIES = YES;
				CODE_SIGN_STYLE = Automatic;
				DEVELOPMENT_TEAM = 2G9DF5JZCK;
				INFOPLIST_FILE = "SwiftUI_TabView+NavigationViewUITests/Info.plist";
				LD_RUNPATH_SEARCH_PATHS = (
					"$(inherited)",
					"@executable_path/Frameworks",
					"@loader_path/Frameworks",
				);
				PRODUCT_BUNDLE_IDENTIFIER = "com.kaili.SwiftUI-TabView-NavigationViewUITests";
				PRODUCT_NAME = "$(TARGET_NAME)";
				SWIFT_VERSION = 5.0;
				TARGETED_DEVICE_FAMILY = "1,2";
				TEST_TARGET_NAME = "SwiftUI_TabView+NavigationView";
			};
			name = Release;
		};
/* End XCBuildConfiguration section */

/* Begin XCConfigurationList section */
		BF6478482487945D00A83037 /* Build configuration list for PBXProject "SwiftUI_TabView+NavigationView" */ = {
			isa = XCConfigurationList;
			buildConfigurations = (
				BF6478752487946000A83037 /* Debug */,
				BF6478762487946000A83037 /* Release */,
			);
			defaultConfigurationIsVisible = 0;
			defaultConfigurationName = Release;
		};
		BF6478772487946000A83037 /* Build configuration list for PBXNativeTarget "SwiftUI_TabView+NavigationView" */ = {
			isa = XCConfigurationList;
			buildConfigurations = (
				BF6478782487946000A83037 /* Debug */,
				BF6478792487946000A83037 /* Release */,
			);
			defaultConfigurationIsVisible = 0;
			defaultConfigurationName = Release;
		};
		BF64787A2487946000A83037 /* Build configuration list for PBXNativeTarget "SwiftUI_TabView+NavigationViewTests" */ = {
			isa = XCConfigurationList;
			buildConfigurations = (
				BF64787B2487946000A83037 /* Debug */,
				BF64787C2487946000A83037 /* Release */,
			);
			defaultConfigurationIsVisible = 0;
			defaultConfigurationName = Release;
		};
		BF64787D2487946000A83037 /* Build configuration list for PBXNativeTarget "SwiftUI_TabView+NavigationViewUITests" */ = {
			isa = XCConfigurationList;
			buildConfigurations = (
				BF64787E2487946000A83037 /* Debug */,
				BF64787F2487946000A83037 /* Release */,
			);
			defaultConfigurationIsVisible = 0;
			defaultConfigurationName = Release;
		};
/* End XCConfigurationList section */
	};
	rootObject = BF6478452487945D00A83037 /* Project object */;
}
