// !$*UTF8*$!
{
	archiveVersion = 1;
	classes = {
	};
	objectVersion = 50;
	objects = {

/* Begin PBXBuildFile section */
		BF647815248775BA00A83037 /* AppDelegate.swift in Sources */ = {isa = PBXBuildFile; fileRef = BF647814248775BA00A83037 /* AppDelegate.swift */; };
		BF647817248775BA00A83037 /* SceneDelegate.swift in Sources */ = {isa = PBXBuildFile; fileRef = BF647816248775BA00A83037 /* SceneDelegate.swift */; };
		BF647819248775BA00A83037 /* ContentView.swift in Sources */ = {isa = PBXBuildFile; fileRef = BF647818248775BA00A83037 /* ContentView.swift */; };
		BF64781B248775BD00A83037 /* Assets.xcassets in Resources */ = {isa = PBXBuildFile; fileRef = BF64781A248775BD00A83037 /* Assets.xcassets */; };
		BF64781E248775BD00A83037 /* Preview Assets.xcassets in Resources */ = {isa = PBXBuildFile; fileRef = BF64781D248775BD00A83037 /* Preview Assets.xcassets */; };
		BF647821248775BD00A83037 /* LaunchScreen.storyboard in Resources */ = {isa = PBXBuildFile; fileRef = BF64781F248775BD00A83037 /* LaunchScreen.storyboard */; };
		BF64782C248775BD00A83037 /* Swift_UI_TabViewTests.swift in Sources */ = {isa = PBXBuildFile; fileRef = BF64782B248775BD00A83037 /* Swift_UI_TabViewTests.swift */; };
		BF647837248775BD00A83037 /* Swift_UI_TabViewUITests.swift in Sources */ = {isa = PBXBuildFile; fileRef = BF647836248775BD00A83037 /* Swift_UI_TabViewUITests.swift */; };
/* End PBXBuildFile section */

/* Begin PBXContainerItemProxy section */
		BF647828248775BD00A83037 /* PBXContainerItemProxy */ = {
			isa = PBXContainerItemProxy;
			containerPortal = BF647809248775BA00A83037 /* Project object */;
			proxyType = 1;
			remoteGlobalIDString = BF647810248775BA00A83037;
			remoteInfo = Swift_UI_TabView;
		};
		BF647833248775BD00A83037 /* PBXContainerItemProxy */ = {
			isa = PBXContainerItemProxy;
			containerPortal = BF647809248775BA00A83037 /* Project object */;
			proxyType = 1;
			remoteGlobalIDString = BF647810248775BA00A83037;
			remoteInfo = Swift_UI_TabView;
		};
/* End PBXContainerItemProxy section */

/* Begin PBXFileReference section */
		BF647811248775BA00A83037 /* Swift_UI_TabView.app */ = {isa = PBXFileReference; explicitFileType = wrapper.application; includeInIndex = 0; path = Swift_UI_TabView.app; sourceTree = BUILT_PRODUCTS_DIR; };
		BF647814248775BA00A83037 /* AppDelegate.swift */ = {isa = PBXFileReference; lastKnownFileType = sourcecode.swift; path = AppDelegate.swift; sourceTree = "<group>"; };
		BF647816248775BA00A83037 /* SceneDelegate.swift */ = {isa = PBXFileReference; lastKnownFileType = sourcecode.swift; path = SceneDelegate.swift; sourceTree = "<group>"; };
		BF647818248775BA00A83037 /* ContentView.swift */ = {isa = PBXFileReference; lastKnownFileType = sourcecode.swift; path = ContentView.swift; sourceTree = "<group>"; };
		BF64781A248775BD00A83037 /* Assets.xcassets */ = {isa = PBXFileReference; lastKnownFileType = folder.assetcatalog; path = Assets.xcassets; sourceTree = "<group>"; };
		BF64781D248775BD00A83037 /* Preview Assets.xcassets */ = {isa = PBXFileReference; lastKnownFileType = folder.assetcatalog; path = "Preview Assets.xcassets"; sourceTree = "<group>"; };
		BF647820248775BD00A83037 /* Base */ = {isa = PBXFileReference; lastKnownFileType = file.storyboard; name = Base; path = Base.lproj/LaunchScreen.storyboard; sourceTree = "<group>"; };
		BF647822248775BD00A83037 /* Info.plist */ = {isa = PBXFileReference; lastKnownFileType = text.plist.xml; path = Info.plist; sourceTree = "<group>"; };
		BF647827248775BD00A83037 /* Swift_UI_TabViewTests.xctest */ = {isa = PBXFileReference; explicitFileType = wrapper.cfbundle; includeInIndex = 0; path = Swift_UI_TabViewTests.xctest; sourceTree = BUILT_PRODUCTS_DIR; };
		BF64782B248775BD00A83037 /* Swift_UI_TabViewTests.swift */ = {isa = PBXFileReference; lastKnownFileType = sourcecode.swift; path = Swift_UI_TabViewTests.swift; sourceTree = "<group>"; };
		BF64782D248775BD00A83037 /* Info.plist */ = {isa = PBXFileReference; lastKnownFileType = text.plist.xml; path = Info.plist; sourceTree = "<group>"; };
		BF647832248775BD00A83037 /* Swift_UI_TabViewUITests.xctest */ = {isa = PBXFileReference; explicitFileType = wrapper.cfbundle; includeInIndex = 0; path = Swift_UI_TabViewUITests.xctest; sourceTree = BUILT_PRODUCTS_DIR; };
		BF647836248775BD00A83037 /* Swift_UI_TabViewUITests.swift */ = {isa = PBXFileReference; lastKnownFileType = sourcecode.swift; path = Swift_UI_TabViewUITests.swift; sourceTree = "<group>"; };
		BF647838248775BD00A83037 /* Info.plist */ = {isa = PBXFileReference; lastKnownFileType = text.plist.xml; path = Info.plist; sourceTree = "<group>"; };
/* End PBXFileReference section */

/* Begin PBXFrameworksBuildPhase section */
		BF64780E248775BA00A83037 /* Frameworks */ = {
			isa = PBXFrameworksBuildPhase;
			buildActionMask = 2147483647;
			files = (
			);
			runOnlyForDeploymentPostprocessing = 0;
		};
		BF647824248775BD00A83037 /* Frameworks */ = {
			isa = PBXFrameworksBuildPhase;
			buildActionMask = 2147483647;
			files = (
			);
			runOnlyForDeploymentPostprocessing = 0;
		};
		BF64782F248775BD00A83037 /* Frameworks */ = {
			isa = PBXFrameworksBuildPhase;
			buildActionMask = 2147483647;
			files = (
			);
			runOnlyForDeploymentPostprocessing = 0;
		};
/* End PBXFrameworksBuildPhase section */

/* Begin PBXGroup section */
		BF647808248775BA00A83037 = {
			isa = PBXGroup;
			children = (
				BF647813248775BA00A83037 /* Swift_UI_TabView */,
				BF64782A248775BD00A83037 /* Swift_UI_TabViewTests */,
				BF647835248775BD00A83037 /* Swift_UI_TabViewUITests */,
				BF647812248775BA00A83037 /* Products */,
			);
			sourceTree = "<group>";
		};
		BF647812248775BA00A83037 /* Products */ = {
			isa = PBXGroup;
			children = (
				BF647811248775BA00A83037 /* Swift_UI_TabView.app */,
				BF647827248775BD00A83037 /* Swift_UI_TabViewTests.xctest */,
				BF647832248775BD00A83037 /* Swift_UI_TabViewUITests.xctest */,
			);
			name = Products;
			sourceTree = "<group>";
		};
		BF647813248775BA00A83037 /* Swift_UI_TabView */ = {
			isa = PBXGroup;
			children = (
				BF647814248775BA00A83037 /* AppDelegate.swift */,
				BF647816248775BA00A83037 /* SceneDelegate.swift */,
				BF647818248775BA00A83037 /* ContentView.swift */,
				BF64781A248775BD00A83037 /* Assets.xcassets */,
				BF64781F248775BD00A83037 /* LaunchScreen.storyboard */,
				BF647822248775BD00A83037 /* Info.plist */,
				BF64781C248775BD00A83037 /* Preview Content */,
			);
			path = Swift_UI_TabView;
			sourceTree = "<group>";
		};
		BF64781C248775BD00A83037 /* Preview Content */ = {
			isa = PBXGroup;
			children = (
				BF64781D248775BD00A83037 /* Preview Assets.xcassets */,
			);
			path = "Preview Content";
			sourceTree = "<group>";
		};
		BF64782A248775BD00A83037 /* Swift_UI_TabViewTests */ = {
			isa = PBXGroup;
			children = (
				BF64782B248775BD00A83037 /* Swift_UI_TabViewTests.swift */,
				BF64782D248775BD00A83037 /* Info.plist */,
			);
			path = Swift_UI_TabViewTests;
			sourceTree = "<group>";
		};
		BF647835248775BD00A83037 /* Swift_UI_TabViewUITests */ = {
			isa = PBXGroup;
			children = (
				BF647836248775BD00A83037 /* Swift_UI_TabViewUITests.swift */,
				BF647838248775BD00A83037 /* Info.plist */,
			);
			path = Swift_UI_TabViewUITests;
			sourceTree = "<group>";
		};
/* End PBXGroup section */

/* Begin PBXNativeTarget section */
		BF647810248775BA00A83037 /* Swift_UI_TabView */ = {
			isa = PBXNativeTarget;
			buildConfigurationList = BF64783B248775BD00A83037 /* Build configuration list for PBXNativeTarget "Swift_UI_TabView" */;
			buildPhases = (
				BF64780D248775BA00A83037 /* Sources */,
				BF64780E248775BA00A83037 /* Frameworks */,
				BF64780F248775BA00A83037 /* Resources */,
			);
			buildRules = (
			);
			dependencies = (
			);
			name = Swift_UI_TabView;
			productName = Swift_UI_TabView;
			productReference = BF647811248775BA00A83037 /* Swift_UI_TabView.app */;
			productType = "com.apple.product-type.application";
		};
		BF647826248775BD00A83037 /* Swift_UI_TabViewTests */ = {
			isa = PBXNativeTarget;
			buildConfigurationList = BF64783E248775BD00A83037 /* Build configuration list for PBXNativeTarget "Swift_UI_TabViewTests" */;
			buildPhases = (
				BF647823248775BD00A83037 /* Sources */,
				BF647824248775BD00A83037 /* Frameworks */,
				BF647825248775BD00A83037 /* Resources */,
			);
			buildRules = (
			);
			dependencies = (
				BF647829248775BD00A83037 /* PBXTargetDependency */,
			);
			name = Swift_UI_TabViewTests;
			productName = Swift_UI_TabViewTests;
			productReference = BF647827248775BD00A83037 /* Swift_UI_TabViewTests.xctest */;
			productType = "com.apple.product-type.bundle.unit-test";
		};
		BF647831248775BD00A83037 /* Swift_UI_TabViewUITests */ = {
			isa = PBXNativeTarget;
			buildConfigurationList = BF647841248775BD00A83037 /* Build configuration list for PBXNativeTarget "Swift_UI_TabViewUITests" */;
			buildPhases = (
				BF64782E248775BD00A83037 /* Sources */,
				BF64782F248775BD00A83037 /* Frameworks */,
				BF647830248775BD00A83037 /* Resources */,
			);
			buildRules = (
			);
			dependencies = (
				BF647834248775BD00A83037 /* PBXTargetDependency */,
			);
			name = Swift_UI_TabViewUITests;
			productName = Swift_UI_TabViewUITests;
			productReference = BF647832248775BD00A83037 /* Swift_UI_TabViewUITests.xctest */;
			productType = "com.apple.product-type.bundle.ui-testing";
		};
/* End PBXNativeTarget section */

/* Begin PBXProject section */
		BF647809248775BA00A83037 /* Project object */ = {
			isa = PBXProject;
			attributes = {
				LastSwiftUpdateCheck = 1140;
				LastUpgradeCheck = 1140;
				ORGANIZATIONNAME = ngarihealth;
				TargetAttributes = {
					BF647810248775BA00A83037 = {
						CreatedOnToolsVersion = 11.4;
					};
					BF647826248775BD00A83037 = {
						CreatedOnToolsVersion = 11.4;
						TestTargetID = BF647810248775BA00A83037;
					};
					BF647831248775BD00A83037 = {
						CreatedOnToolsVersion = 11.4;
						TestTargetID = BF647810248775BA00A83037;
					};
				};
			};
			buildConfigurationList = BF64780C248775BA00A83037 /* Build configuration list for PBXProject "Swift_UI_TabView" */;
			compatibilityVersion = "Xcode 9.3";
			developmentRegion = en;
			hasScannedForEncodings = 0;
			knownRegions = (
				en,
				Base,
			);
			mainGroup = BF647808248775BA00A83037;
			productRefGroup = BF647812248775BA00A83037 /* Products */;
			projectDirPath = "";
			projectRoot = "";
			targets = (
				BF647810248775BA00A83037 /* Swift_UI_TabView */,
				BF647826248775BD00A83037 /* Swift_UI_TabViewTests */,
				BF647831248775BD00A83037 /* Swift_UI_TabViewUITests */,
			);
		};
/* End PBXProject section */

/* Begin PBXResourcesBuildPhase section */
		BF64780F248775BA00A83037 /* Resources */ = {
			isa = PBXResourcesBuildPhase;
			buildActionMask = 2147483647;
			files = (
				BF647821248775BD00A83037 /* LaunchScreen.storyboard in Resources */,
				BF64781E248775BD00A83037 /* Preview Assets.xcassets in Resources */,
				BF64781B248775BD00A83037 /* Assets.xcassets in Resources */,
			);
			runOnlyForDeploymentPostprocessing = 0;
		};
		BF647825248775BD00A83037 /* Resources */ = {
			isa = PBXResourcesBuildPhase;
			buildActionMask = 2147483647;
			files = (
			);
			runOnlyForDeploymentPostprocessing = 0;
		};
		BF647830248775BD00A83037 /* Resources */ = {
			isa = PBXResourcesBuildPhase;
			buildActionMask = 2147483647;
			files = (
			);
			runOnlyForDeploymentPostprocessing = 0;
		};
/* End PBXResourcesBuildPhase section */

/* Begin PBXSourcesBuildPhase section */
		BF64780D248775BA00A83037 /* Sources */ = {
			isa = PBXSourcesBuildPhase;
			buildActionMask = 2147483647;
			files = (
				BF647815248775BA00A83037 /* AppDelegate.swift in Sources */,
				BF647817248775BA00A83037 /* SceneDelegate.swift in Sources */,
				BF647819248775BA00A83037 /* ContentView.swift in Sources */,
			);
			runOnlyForDeploymentPostprocessing = 0;
		};
		BF647823248775BD00A83037 /* Sources */ = {
			isa = PBXSourcesBuildPhase;
			buildActionMask = 2147483647;
			files = (
				BF64782C248775BD00A83037 /* Swift_UI_TabViewTests.swift in Sources */,
			);
			runOnlyForDeploymentPostprocessing = 0;
		};
		BF64782E248775BD00A83037 /* Sources */ = {
			isa = PBXSourcesBuildPhase;
			buildActionMask = 2147483647;
			files = (
				BF647837248775BD00A83037 /* Swift_UI_TabViewUITests.swift in Sources */,
			);
			runOnlyForDeploymentPostprocessing = 0;
		};
/* End PBXSourcesBuildPhase section */

/* Begin PBXTargetDependency section */
		BF647829248775BD00A83037 /* PBXTargetDependency */ = {
			isa = PBXTargetDependency;
			target = BF647810248775BA00A83037 /* Swift_UI_TabView */;
			targetProxy = BF647828248775BD00A83037 /* PBXContainerItemProxy */;
		};
		BF647834248775BD00A83037 /* PBXTargetDependency */ = {
			isa = PBXTargetDependency;
			target = BF647810248775BA00A83037 /* Swift_UI_TabView */;
			targetProxy = BF647833248775BD00A83037 /* PBXContainerItemProxy */;
		};
/* End PBXTargetDependency section */

/* Begin PBXVariantGroup section */
		BF64781F248775BD00A83037 /* LaunchScreen.storyboard */ = {
			isa = PBXVariantGroup;
			children = (
				BF647820248775BD00A83037 /* Base */,
			);
			name = LaunchScreen.storyboard;
			sourceTree = "<group>";
		};
/* End PBXVariantGroup section */

/* Begin XCBuildConfiguration section */
		BF647839248775BD00A83037 /* Debug */ = {
			isa = XCBuildConfiguration;
			buildSettings = {
				ALWAYS_SEARCH_USER_PATHS = NO;
				CLANG_ANALYZER_NONNULL = YES;
				CLANG_ANALYZER_NUMBER_OBJECT_CONVERSION = YES_AGGRESSIVE;
				CLANG_CXX_LANGUAGE_STANDARD = "gnu++14";
				CLANG_CXX_LIBRARY = "libc++";
				CLANG_ENABLE_MODULES = YES;
				CLANG_ENABLE_OBJC_ARC = YES;
				CLANG_ENABLE_OBJC_WEAK = YES;
				CLANG_WARN_BLOCK_CAPTURE_AUTORELEASING = YES;
				CLANG_WARN_BOOL_CONVERSION = YES;
				CLANG_WARN_COMMA = YES;
				CLANG_WARN_CONSTANT_CONVERSION = YES;
				CLANG_WARN_DEPRECATED_OBJC_IMPLEMENTATIONS = YES;
				CLANG_WARN_DIRECT_OBJC_ISA_USAGE = YES_ERROR;
				CLANG_WARN_DOCUMENTATION_COMMENTS = YES;
				CLANG_WARN_EMPTY_BODY = YES;
				CLANG_WARN_ENUM_CONVERSION = YES;
				CLANG_WARN_INFINITE_RECURSION = YES;
				CLANG_WARN_INT_CONVERSION = YES;
				CLANG_WARN_NON_LITERAL_NULL_CONVERSION = YES;
				CLANG_WARN_OBJC_IMPLICIT_RETAIN_SELF = YES;
				CLANG_WARN_OBJC_LITERAL_CONVERSION = YES;
				CLANG_WARN_OBJC_ROOT_CLASS = YES_ERROR;
				CLANG_WARN_RANGE_LOOP_ANALYSIS = YES;
				CLANG_WARN_STRICT_PROTOTYPES = YES;
				CLANG_WARN_SUSPICIOUS_MOVE = YES;
				CLANG_WARN_UNGUARDED_AVAILABILITY = YES_AGGRESSIVE;
				CLANG_WARN_UNREACHABLE_CODE = YES;
				CLANG_WARN__DUPLICATE_METHOD_MATCH = YES;
				COPY_PHASE_STRIP = NO;
				DEBUG_INFORMATION_FORMAT = dwarf;
				ENABLE_STRICT_OBJC_MSGSEND = YES;
				ENABLE_TESTABILITY = YES;
				GCC_C_LANGUAGE_STANDARD = gnu11;
				GCC_DYNAMIC_NO_PIC = NO;
				GCC_NO_COMMON_BLOCKS = YES;
				GCC_OPTIMIZATION_LEVEL = 0;
				GCC_PREPROCESSOR_DEFINITIONS = (
					"DEBUG=1",
					"$(inherited)",
				);
				GCC_WARN_64_TO_32_BIT_CONVERSION = YES;
				GCC_WARN_ABOUT_RETURN_TYPE = YES_ERROR;
				GCC_WARN_UNDECLARED_SELECTOR = YES;
				GCC_WARN_UNINITIALIZED_AUTOS = YES_AGGRESSIVE;
				GCC_WARN_UNUSED_FUNCTION = YES;
				GCC_WARN_UNUSED_VARIABLE = YES;
				IPHONEOS_DEPLOYMENT_TARGET = 13.4;
				MTL_ENABLE_DEBUG_INFO = INCLUDE_SOURCE;
				MTL_FAST_MATH = YES;
				ONLY_ACTIVE_ARCH = YES;
				SDKROOT = iphoneos;
				SWIFT_ACTIVE_COMPILATION_CONDITIONS = DEBUG;
				SWIFT_OPTIMIZATION_LEVEL = "-Onone";
			};
			name = Debug;
		};
		BF64783A248775BD00A83037 /* Release */ = {
			isa = XCBuildConfiguration;
			buildSettings = {
				ALWAYS_SEARCH_USER_PATHS = NO;
				CLANG_ANALYZER_NONNULL = YES;
				CLANG_ANALYZER_NUMBER_OBJECT_CONVERSION = YES_AGGRESSIVE;
				CLANG_CXX_LANGUAGE_STANDARD = "gnu++14";
				CLANG_CXX_LIBRARY = "libc++";
				CLANG_ENABLE_MODULES = YES;
				CLANG_ENABLE_OBJC_ARC = YES;
				CLANG_ENABLE_OBJC_WEAK = YES;
				CLANG_WARN_BLOCK_CAPTURE_AUTORELEASING = YES;
				CLANG_WARN_BOOL_CONVERSION = YES;
				CLANG_WARN_COMMA = YES;
				CLANG_WARN_CONSTANT_CONVERSION = YES;
				CLANG_WARN_DEPRECATED_OBJC_IMPLEMENTATIONS = YES;
				CLANG_WARN_DIRECT_OBJC_ISA_USAGE = YES_ERROR;
				CLANG_WARN_DOCUMENTATION_COMMENTS = YES;
				CLANG_WARN_EMPTY_BODY = YES;
				CLANG_WARN_ENUM_CONVERSION = YES;
				CLANG_WARN_INFINITE_RECURSION = YES;
				CLANG_WARN_INT_CONVERSION = YES;
				CLANG_WARN_NON_LITERAL_NULL_CONVERSION = YES;
				CLANG_WARN_OBJC_IMPLICIT_RETAIN_SELF = YES;
				CLANG_WARN_OBJC_LITERAL_CONVERSION = YES;
				CLANG_WARN_OBJC_ROOT_CLASS = YES_ERROR;
				CLANG_WARN_RANGE_LOOP_ANALYSIS = YES;
				CLANG_WARN_STRICT_PROTOTYPES = YES;
				CLANG_WARN_SUSPICIOUS_MOVE = YES;
				CLANG_WARN_UNGUARDED_AVAILABILITY = YES_AGGRESSIVE;
				CLANG_WARN_UNREACHABLE_CODE = YES;
				CLANG_WARN__DUPLICATE_METHOD_MATCH = YES;
				COPY_PHASE_STRIP = NO;
				DEBUG_INFORMATION_FORMAT = "dwarf-with-dsym";
				ENABLE_NS_ASSERTIONS = NO;
				ENABLE_STRICT_OBJC_MSGSEND = YES;
				GCC_C_LANGUAGE_STANDARD = gnu11;
				GCC_NO_COMMON_BLOCKS = YES;
				GCC_WARN_64_TO_32_BIT_CONVERSION = YES;
				GCC_WARN_ABOUT_RETURN_TYPE = YES_ERROR;
				GCC_WARN_UNDECLARED_SELECTOR = YES;
				GCC_WARN_UNINITIALIZED_AUTOS = YES_AGGRESSIVE;
				GCC_WARN_UNUSED_FUNCTION = YES;
				GCC_WARN_UNUSED_VARIABLE = YES;
				IPHONEOS_DEPLOYMENT_TARGET = 13.4;
				MTL_ENABLE_DEBUG_INFO = NO;
				MTL_FAST_MATH = YES;
				SDKROOT = iphoneos;
				SWIFT_COMPILATION_MODE = wholemodule;
				SWIFT_OPTIMIZATION_LEVEL = "-O";
				VALIDATE_PRODUCT = YES;
			};
			name = Release;
		};
		BF64783C248775BD00A83037 /* Debug */ = {
			isa = XCBuildConfiguration;
			buildSettings = {
				ASSETCATALOG_COMPILER_APPICON_NAME = AppIcon;
				CODE_SIGN_STYLE = Automatic;
				DEVELOPMENT_ASSET_PATHS = "\"Swift_UI_TabView/Preview Content\"";
				DEVELOPMENT_TEAM = 2G9DF5JZCK;
				ENABLE_PREVIEWS = YES;
				INFOPLIST_FILE = Swift_UI_TabView/Info.plist;
				LD_RUNPATH_SEARCH_PATHS = (
					"$(inherited)",
					"@executable_path/Frameworks",
				);
				PRODUCT_BUNDLE_IDENTIFIER = "com.kaili.Swift-UI-TabView";
				PRODUCT_NAME = "$(TARGET_NAME)";
				SWIFT_VERSION = 5.0;
				TARGETED_DEVICE_FAMILY = "1,2";
			};
			name = Debug;
		};
		BF64783D248775BD00A83037 /* Release */ = {
			isa = XCBuildConfiguration;
			buildSettings = {
				ASSETCATALOG_COMPILER_APPICON_NAME = AppIcon;
				CODE_SIGN_STYLE = Automatic;
				DEVELOPMENT_ASSET_PATHS = "\"Swift_UI_TabView/Preview Content\"";
				DEVELOPMENT_TEAM = 2G9DF5JZCK;
				ENABLE_PREVIEWS = YES;
				INFOPLIST_FILE = Swift_UI_TabView/Info.plist;
				LD_RUNPATH_SEARCH_PATHS = (
					"$(inherited)",
					"@executable_path/Frameworks",
				);
				PRODUCT_BUNDLE_IDENTIFIER = "com.kaili.Swift-UI-TabView";
				PRODUCT_NAME = "$(TARGET_NAME)";
				SWIFT_VERSION = 5.0;
				TARGETED_DEVICE_FAMILY = "1,2";
			};
			name = Release;
		};
		BF64783F248775BD00A83037 /* Debug */ = {
			isa = XCBuildConfiguration;
			buildSettings = {
				ALWAYS_EMBED_SWIFT_STANDARD_LIBRARIES = YES;
				BUNDLE_LOADER = "$(TEST_HOST)";
				CODE_SIGN_STYLE = Automatic;
				DEVELOPMENT_TEAM = 2G9DF5JZCK;
				INFOPLIST_FILE = Swift_UI_TabViewTests/Info.plist;
				IPHONEOS_DEPLOYMENT_TARGET = 13.4;
				LD_RUNPATH_SEARCH_PATHS = (
					"$(inherited)",
					"@executable_path/Frameworks",
					"@loader_path/Frameworks",
				);
				PRODUCT_BUNDLE_IDENTIFIER = "com.kaili.Swift-UI-TabViewTests";
				PRODUCT_NAME = "$(TARGET_NAME)";
				SWIFT_VERSION = 5.0;
				TARGETED_DEVICE_FAMILY = "1,2";
				TEST_HOST = "$(BUILT_PRODUCTS_DIR)/Swift_UI_TabView.app/Swift_UI_TabView";
			};
			name = Debug;
		};
		BF647840248775BD00A83037 /* Release */ = {
			isa = XCBuildConfiguration;
			buildSettings = {
				ALWAYS_EMBED_SWIFT_STANDARD_LIBRARIES = YES;
				BUNDLE_LOADER = "$(TEST_HOST)";
				CODE_SIGN_STYLE = Automatic;
				DEVELOPMENT_TEAM = 2G9DF5JZCK;
				INFOPLIST_FILE = Swift_UI_TabViewTests/Info.plist;
				IPHONEOS_DEPLOYMENT_TARGET = 13.4;
				LD_RUNPATH_SEARCH_PATHS = (
					"$(inherited)",
					"@executable_path/Frameworks",
					"@loader_path/Frameworks",
				);
				PRODUCT_BUNDLE_IDENTIFIER = "com.kaili.Swift-UI-TabViewTests";
				PRODUCT_NAME = "$(TARGET_NAME)";
				SWIFT_VERSION = 5.0;
				TARGETED_DEVICE_FAMILY = "1,2";
				TEST_HOST = "$(BUILT_PRODUCTS_DIR)/Swift_UI_TabView.app/Swift_UI_TabView";
			};
			name = Release;
		};
		BF647842248775BD00A83037 /* Debug */ = {
			isa = XCBuildConfiguration;
			buildSettings = {
				ALWAYS_EMBED_SWIFT_STANDARD_LIBRARIES = YES;
				CODE_SIGN_STYLE = Automatic;
				DEVELOPMENT_TEAM = 2G9DF5JZCK;
				INFOPLIST_FILE = Swift_UI_TabViewUITests/Info.plist;
				LD_RUNPATH_SEARCH_PATHS = (
					"$(inherited)",
					"@executable_path/Frameworks",
					"@loader_path/Frameworks",
				);
				PRODUCT_BUNDLE_IDENTIFIER = "com.kaili.Swift-UI-TabViewUITests";
				PRODUCT_NAME = "$(TARGET_NAME)";
				SWIFT_VERSION = 5.0;
				TARGETED_DEVICE_FAMILY = "1,2";
				TEST_TARGET_NAME = Swift_UI_TabView;
			};
			name = Debug;
		};
		BF647843248775BD00A83037 /* Release */ = {
			isa = XCBuildConfiguration;
			buildSettings = {
				ALWAYS_EMBED_SWIFT_STANDARD_LIBRARIES = YES;
				CODE_SIGN_STYLE = Automatic;
				DEVELOPMENT_TEAM = 2G9DF5JZCK;
				INFOPLIST_FILE = Swift_UI_TabViewUITests/Info.plist;
				LD_RUNPATH_SEARCH_PATHS = (
					"$(inherited)",
					"@executable_path/Frameworks",
					"@loader_path/Frameworks",
				);
				PRODUCT_BUNDLE_IDENTIFIER = "com.kaili.Swift-UI-TabViewUITests";
				PRODUCT_NAME = "$(TARGET_NAME)";
				SWIFT_VERSION = 5.0;
				TARGETED_DEVICE_FAMILY = "1,2";
				TEST_TARGET_NAME = Swift_UI_TabView;
			};
			name = Release;
		};
/* End XCBuildConfiguration section */

/* Begin XCConfigurationList section */
		BF64780C248775BA00A83037 /* Build configuration list for PBXProject "Swift_UI_TabView" */ = {
			isa = XCConfigurationList;
			buildConfigurations = (
				BF647839248775BD00A83037 /* Debug */,
				BF64783A248775BD00A83037 /* Release */,
			);
			defaultConfigurationIsVisible = 0;
			defaultConfigurationName = Release;
		};
		BF64783B248775BD00A83037 /* Build configuration list for PBXNativeTarget "Swift_UI_TabView" */ = {
			isa = XCConfigurationList;
			buildConfigurations = (
				BF64783C248775BD00A83037 /* Debug */,
				BF64783D248775BD00A83037 /* Release */,
			);
			defaultConfigurationIsVisible = 0;
			defaultConfigurationName = Release;
		};
		BF64783E248775BD00A83037 /* Build configuration list for PBXNativeTarget "Swift_UI_TabViewTests" */ = {
			isa = XCConfigurationList;
			buildConfigurations = (
				BF64783F248775BD00A83037 /* Debug */,
				BF647840248775BD00A83037 /* Release */,
			);
			defaultConfigurationIsVisible = 0;
			defaultConfigurationName = Release;
		};
		BF647841248775BD00A83037 /* Build configuration list for PBXNativeTarget "Swift_UI_TabViewUITests" */ = {
			isa = XCConfigurationList;
			buildConfigurations = (
				BF647842248775BD00A83037 /* Debug */,
				BF647843248775BD00A83037 /* Release */,
			);
			defaultConfigurationIsVisible = 0;
			defaultConfigurationName = Release;
		};
/* End XCConfigurationList section */
	};
	rootObject = BF647809248775BA00A83037 /* Project object */;
}
