// !$*UTF8*$!
{
	archiveVersion = 1;
	classes = {
	};
	objectVersion = 50;
	objects = {

/* Begin PBXBuildFile section */
		BFDC7117248DDAD4004345D9 /* AppDelegate.m in Sources */ = {isa = PBXBuildFile; fileRef = BFDC7116248DDAD4004345D9 /* AppDelegate.m */; };
		BFDC711A248DDAD4004345D9 /* SceneDelegate.m in Sources */ = {isa = PBXBuildFile; fileRef = BFDC7119248DDAD4004345D9 /* SceneDelegate.m */; };
		BFDC711D248DDAD4004345D9 /* ViewController.m in Sources */ = {isa = PBXBuildFile; fileRef = BFDC711C248DDAD4004345D9 /* ViewController.m */; };
		BFDC7120248DDAD4004345D9 /* Main.storyboard in Resources */ = {isa = PBXBuildFile; fileRef = BFDC711E248DDAD4004345D9 /* Main.storyboard */; };
		BFDC7122248DDAD8004345D9 /* Assets.xcassets in Resources */ = {isa = PBXBuildFile; fileRef = BFDC7121248DDAD8004345D9 /* Assets.xcassets */; };
		BFDC7125248DDAD8004345D9 /* LaunchScreen.storyboard in Resources */ = {isa = PBXBuildFile; fileRef = BFDC7123248DDAD8004345D9 /* LaunchScreen.storyboard */; };
		BFDC7128248DDAD8004345D9 /* main.m in Sources */ = {isa = PBXBuildFile; fileRef = BFDC7127248DDAD8004345D9 /* main.m */; };
		BFDC7132248DDAD8004345D9 /* UIDynamicItemDemoTests.m in Sources */ = {isa = PBXBuildFile; fileRef = BFDC7131248DDAD8004345D9 /* UIDynamicItemDemoTests.m */; };
		BFDC713D248DDAD8004345D9 /* UIDynamicItemDemoUITests.m in Sources */ = {isa = PBXBuildFile; fileRef = BFDC713C248DDAD8004345D9 /* UIDynamicItemDemoUITests.m */; };
/* End PBXBuildFile section */

/* Begin PBXContainerItemProxy section */
		BFDC712E248DDAD8004345D9 /* PBXContainerItemProxy */ = {
			isa = PBXContainerItemProxy;
			containerPortal = BFDC710A248DDAD4004345D9 /* Project object */;
			proxyType = 1;
			remoteGlobalIDString = BFDC7111248DDAD4004345D9;
			remoteInfo = UIDynamicItemDemo;
		};
		BFDC7139248DDAD8004345D9 /* PBXContainerItemProxy */ = {
			isa = PBXContainerItemProxy;
			containerPortal = BFDC710A248DDAD4004345D9 /* Project object */;
			proxyType = 1;
			remoteGlobalIDString = BFDC7111248DDAD4004345D9;
			remoteInfo = UIDynamicItemDemo;
		};
/* End PBXContainerItemProxy section */

/* Begin PBXFileReference section */
		BFDC7112248DDAD4004345D9 /* UIDynamicItemDemo.app */ = {isa = PBXFileReference; explicitFileType = wrapper.application; includeInIndex = 0; path = UIDynamicItemDemo.app; sourceTree = BUILT_PRODUCTS_DIR; };
		BFDC7115248DDAD4004345D9 /* AppDelegate.h */ = {isa = PBXFileReference; lastKnownFileType = sourcecode.c.h; path = AppDelegate.h; sourceTree = "<group>"; };
		BFDC7116248DDAD4004345D9 /* AppDelegate.m */ = {isa = PBXFileReference; lastKnownFileType = sourcecode.c.objc; path = AppDelegate.m; sourceTree = "<group>"; };
		BFDC7118248DDAD4004345D9 /* SceneDelegate.h */ = {isa = PBXFileReference; lastKnownFileType = sourcecode.c.h; path = SceneDelegate.h; sourceTree = "<group>"; };
		BFDC7119248DDAD4004345D9 /* SceneDelegate.m */ = {isa = PBXFileReference; lastKnownFileType = sourcecode.c.objc; path = SceneDelegate.m; sourceTree = "<group>"; };
		BFDC711B248DDAD4004345D9 /* ViewController.h */ = {isa = PBXFileReference; lastKnownFileType = sourcecode.c.h; path = ViewController.h; sourceTree = "<group>"; };
		BFDC711C248DDAD4004345D9 /* ViewController.m */ = {isa = PBXFileReference; lastKnownFileType = sourcecode.c.objc; path = ViewController.m; sourceTree = "<group>"; };
		BFDC711F248DDAD4004345D9 /* Base */ = {isa = PBXFileReference; lastKnownFileType = file.storyboard; name = Base; path = Base.lproj/Main.storyboard; sourceTree = "<group>"; };
		BFDC7121248DDAD8004345D9 /* Assets.xcassets */ = {isa = PBXFileReference; lastKnownFileType = folder.assetcatalog; path = Assets.xcassets; sourceTree = "<group>"; };
		BFDC7124248DDAD8004345D9 /* Base */ = {isa = PBXFileReference; lastKnownFileType = file.storyboard; name = Base; path = Base.lproj/LaunchScreen.storyboard; sourceTree = "<group>"; };
		BFDC7126248DDAD8004345D9 /* Info.plist */ = {isa = PBXFileReference; lastKnownFileType = text.plist.xml; path = Info.plist; sourceTree = "<group>"; };
		BFDC7127248DDAD8004345D9 /* main.m */ = {isa = PBXFileReference; lastKnownFileType = sourcecode.c.objc; path = main.m; sourceTree = "<group>"; };
		BFDC712D248DDAD8004345D9 /* UIDynamicItemDemoTests.xctest */ = {isa = PBXFileReference; explicitFileType = wrapper.cfbundle; includeInIndex = 0; path = UIDynamicItemDemoTests.xctest; sourceTree = BUILT_PRODUCTS_DIR; };
		BFDC7131248DDAD8004345D9 /* UIDynamicItemDemoTests.m */ = {isa = PBXFileReference; lastKnownFileType = sourcecode.c.objc; path = UIDynamicItemDemoTests.m; sourceTree = "<group>"; };
		BFDC7133248DDAD8004345D9 /* Info.plist */ = {isa = PBXFileReference; lastKnownFileType = text.plist.xml; path = Info.plist; sourceTree = "<group>"; };
		BFDC7138248DDAD8004345D9 /* UIDynamicItemDemoUITests.xctest */ = {isa = PBXFileReference; explicitFileType = wrapper.cfbundle; includeInIndex = 0; path = UIDynamicItemDemoUITests.xctest; sourceTree = BUILT_PRODUCTS_DIR; };
		BFDC713C248DDAD8004345D9 /* UIDynamicItemDemoUITests.m */ = {isa = PBXFileReference; lastKnownFileType = sourcecode.c.objc; path = UIDynamicItemDemoUITests.m; sourceTree = "<group>"; };
		BFDC713E248DDAD8004345D9 /* Info.plist */ = {isa = PBXFileReference; lastKnownFileType = text.plist.xml; path = Info.plist; sourceTree = "<group>"; };
/* End PBXFileReference section */

/* Begin PBXFrameworksBuildPhase section */
		BFDC710F248DDAD4004345D9 /* Frameworks */ = {
			isa = PBXFrameworksBuildPhase;
			buildActionMask = 2147483647;
			files = (
			);
			runOnlyForDeploymentPostprocessing = 0;
		};
		BFDC712A248DDAD8004345D9 /* Frameworks */ = {
			isa = PBXFrameworksBuildPhase;
			buildActionMask = 2147483647;
			files = (
			);
			runOnlyForDeploymentPostprocessing = 0;
		};
		BFDC7135248DDAD8004345D9 /* Frameworks */ = {
			isa = PBXFrameworksBuildPhase;
			buildActionMask = 2147483647;
			files = (
			);
			runOnlyForDeploymentPostprocessing = 0;
		};
/* End PBXFrameworksBuildPhase section */

/* Begin PBXGroup section */
		BFDC7109248DDAD4004345D9 = {
			isa = PBXGroup;
			children = (
				BFDC7114248DDAD4004345D9 /* UIDynamicItemDemo */,
				BFDC7130248DDAD8004345D9 /* UIDynamicItemDemoTests */,
				BFDC713B248DDAD8004345D9 /* UIDynamicItemDemoUITests */,
				BFDC7113248DDAD4004345D9 /* Products */,
			);
			sourceTree = "<group>";
		};
		BFDC7113248DDAD4004345D9 /* Products */ = {
			isa = PBXGroup;
			children = (
				BFDC7112248DDAD4004345D9 /* UIDynamicItemDemo.app */,
				BFDC712D248DDAD8004345D9 /* UIDynamicItemDemoTests.xctest */,
				BFDC7138248DDAD8004345D9 /* UIDynamicItemDemoUITests.xctest */,
			);
			name = Products;
			sourceTree = "<group>";
		};
		BFDC7114248DDAD4004345D9 /* UIDynamicItemDemo */ = {
			isa = PBXGroup;
			children = (
				BFDC7115248DDAD4004345D9 /* AppDelegate.h */,
				BFDC7116248DDAD4004345D9 /* AppDelegate.m */,
				BFDC7118248DDAD4004345D9 /* SceneDelegate.h */,
				BFDC7119248DDAD4004345D9 /* SceneDelegate.m */,
				BFDC711B248DDAD4004345D9 /* ViewController.h */,
				BFDC711C248DDAD4004345D9 /* ViewController.m */,
				BFDC711E248DDAD4004345D9 /* Main.storyboard */,
				BFDC7121248DDAD8004345D9 /* Assets.xcassets */,
				BFDC7123248DDAD8004345D9 /* LaunchScreen.storyboard */,
				BFDC7126248DDAD8004345D9 /* Info.plist */,
				BFDC7127248DDAD8004345D9 /* main.m */,
			);
			path = UIDynamicItemDemo;
			sourceTree = "<group>";
		};
		BFDC7130248DDAD8004345D9 /* UIDynamicItemDemoTests */ = {
			isa = PBXGroup;
			children = (
				BFDC7131248DDAD8004345D9 /* UIDynamicItemDemoTests.m */,
				BFDC7133248DDAD8004345D9 /* Info.plist */,
			);
			path = UIDynamicItemDemoTests;
			sourceTree = "<group>";
		};
		BFDC713B248DDAD8004345D9 /* UIDynamicItemDemoUITests */ = {
			isa = PBXGroup;
			children = (
				BFDC713C248DDAD8004345D9 /* UIDynamicItemDemoUITests.m */,
				BFDC713E248DDAD8004345D9 /* Info.plist */,
			);
			path = UIDynamicItemDemoUITests;
			sourceTree = "<group>";
		};
/* End PBXGroup section */

/* Begin PBXNativeTarget section */
		BFDC7111248DDAD4004345D9 /* UIDynamicItemDemo */ = {
			isa = PBXNativeTarget;
			buildConfigurationList = BFDC7141248DDAD8004345D9 /* Build configuration list for PBXNativeTarget "UIDynamicItemDemo" */;
			buildPhases = (
				BFDC710E248DDAD4004345D9 /* Sources */,
				BFDC710F248DDAD4004345D9 /* Frameworks */,
				BFDC7110248DDAD4004345D9 /* Resources */,
			);
			buildRules = (
			);
			dependencies = (
			);
			name = UIDynamicItemDemo;
			productName = UIDynamicItemDemo;
			productReference = BFDC7112248DDAD4004345D9 /* UIDynamicItemDemo.app */;
			productType = "com.apple.product-type.application";
		};
		BFDC712C248DDAD8004345D9 /* UIDynamicItemDemoTests */ = {
			isa = PBXNativeTarget;
			buildConfigurationList = BFDC7144248DDAD8004345D9 /* Build configuration list for PBXNativeTarget "UIDynamicItemDemoTests" */;
			buildPhases = (
				BFDC7129248DDAD8004345D9 /* Sources */,
				BFDC712A248DDAD8004345D9 /* Frameworks */,
				BFDC712B248DDAD8004345D9 /* Resources */,
			);
			buildRules = (
			);
			dependencies = (
				BFDC712F248DDAD8004345D9 /* PBXTargetDependency */,
			);
			name = UIDynamicItemDemoTests;
			productName = UIDynamicItemDemoTests;
			productReference = BFDC712D248DDAD8004345D9 /* UIDynamicItemDemoTests.xctest */;
			productType = "com.apple.product-type.bundle.unit-test";
		};
		BFDC7137248DDAD8004345D9 /* UIDynamicItemDemoUITests */ = {
			isa = PBXNativeTarget;
			buildConfigurationList = BFDC7147248DDAD8004345D9 /* Build configuration list for PBXNativeTarget "UIDynamicItemDemoUITests" */;
			buildPhases = (
				BFDC7134248DDAD8004345D9 /* Sources */,
				BFDC7135248DDAD8004345D9 /* Frameworks */,
				BFDC7136248DDAD8004345D9 /* Resources */,
			);
			buildRules = (
			);
			dependencies = (
				BFDC713A248DDAD8004345D9 /* PBXTargetDependency */,
			);
			name = UIDynamicItemDemoUITests;
			productName = UIDynamicItemDemoUITests;
			productReference = BFDC7138248DDAD8004345D9 /* UIDynamicItemDemoUITests.xctest */;
			productType = "com.apple.product-type.bundle.ui-testing";
		};
/* End PBXNativeTarget section */

/* Begin PBXProject section */
		BFDC710A248DDAD4004345D9 /* Project object */ = {
			isa = PBXProject;
			attributes = {
				LastUpgradeCheck = 1140;
				ORGANIZATIONNAME = ngarihealth;
				TargetAttributes = {
					BFDC7111248DDAD4004345D9 = {
						CreatedOnToolsVersion = 11.4;
					};
					BFDC712C248DDAD8004345D9 = {
						CreatedOnToolsVersion = 11.4;
						TestTargetID = BFDC7111248DDAD4004345D9;
					};
					BFDC7137248DDAD8004345D9 = {
						CreatedOnToolsVersion = 11.4;
						TestTargetID = BFDC7111248DDAD4004345D9;
					};
				};
			};
			buildConfigurationList = BFDC710D248DDAD4004345D9 /* Build configuration list for PBXProject "UIDynamicItemDemo" */;
			compatibilityVersion = "Xcode 9.3";
			developmentRegion = en;
			hasScannedForEncodings = 0;
			knownRegions = (
				en,
				Base,
			);
			mainGroup = BFDC7109248DDAD4004345D9;
			productRefGroup = BFDC7113248DDAD4004345D9 /* Products */;
			projectDirPath = "";
			projectRoot = "";
			targets = (
				BFDC7111248DDAD4004345D9 /* UIDynamicItemDemo */,
				BFDC712C248DDAD8004345D9 /* UIDynamicItemDemoTests */,
				BFDC7137248DDAD8004345D9 /* UIDynamicItemDemoUITests */,
			);
		};
/* End PBXProject section */

/* Begin PBXResourcesBuildPhase section */
		BFDC7110248DDAD4004345D9 /* Resources */ = {
			isa = PBXResourcesBuildPhase;
			buildActionMask = 2147483647;
			files = (
				BFDC7125248DDAD8004345D9 /* LaunchScreen.storyboard in Resources */,
				BFDC7122248DDAD8004345D9 /* Assets.xcassets in Resources */,
				BFDC7120248DDAD4004345D9 /* Main.storyboard in Resources */,
			);
			runOnlyForDeploymentPostprocessing = 0;
		};
		BFDC712B248DDAD8004345D9 /* Resources */ = {
			isa = PBXResourcesBuildPhase;
			buildActionMask = 2147483647;
			files = (
			);
			runOnlyForDeploymentPostprocessing = 0;
		};
		BFDC7136248DDAD8004345D9 /* Resources */ = {
			isa = PBXResourcesBuildPhase;
			buildActionMask = 2147483647;
			files = (
			);
			runOnlyForDeploymentPostprocessing = 0;
		};
/* End PBXResourcesBuildPhase section */

/* Begin PBXSourcesBuildPhase section */
		BFDC710E248DDAD4004345D9 /* Sources */ = {
			isa = PBXSourcesBuildPhase;
			buildActionMask = 2147483647;
			files = (
				BFDC711D248DDAD4004345D9 /* ViewController.m in Sources */,
				BFDC7117248DDAD4004345D9 /* AppDelegate.m in Sources */,
				BFDC7128248DDAD8004345D9 /* main.m in Sources */,
				BFDC711A248DDAD4004345D9 /* SceneDelegate.m in Sources */,
			);
			runOnlyForDeploymentPostprocessing = 0;
		};
		BFDC7129248DDAD8004345D9 /* Sources */ = {
			isa = PBXSourcesBuildPhase;
			buildActionMask = 2147483647;
			files = (
				BFDC7132248DDAD8004345D9 /* UIDynamicItemDemoTests.m in Sources */,
			);
			runOnlyForDeploymentPostprocessing = 0;
		};
		BFDC7134248DDAD8004345D9 /* Sources */ = {
			isa = PBXSourcesBuildPhase;
			buildActionMask = 2147483647;
			files = (
				BFDC713D248DDAD8004345D9 /* UIDynamicItemDemoUITests.m in Sources */,
			);
			runOnlyForDeploymentPostprocessing = 0;
		};
/* End PBXSourcesBuildPhase section */

/* Begin PBXTargetDependency section */
		BFDC712F248DDAD8004345D9 /* PBXTargetDependency */ = {
			isa = PBXTargetDependency;
			target = BFDC7111248DDAD4004345D9 /* UIDynamicItemDemo */;
			targetProxy = BFDC712E248DDAD8004345D9 /* PBXContainerItemProxy */;
		};
		BFDC713A248DDAD8004345D9 /* PBXTargetDependency */ = {
			isa = PBXTargetDependency;
			target = BFDC7111248DDAD4004345D9 /* UIDynamicItemDemo */;
			targetProxy = BFDC7139248DDAD8004345D9 /* PBXContainerItemProxy */;
		};
/* End PBXTargetDependency section */

/* Begin PBXVariantGroup section */
		BFDC711E248DDAD4004345D9 /* Main.storyboard */ = {
			isa = PBXVariantGroup;
			children = (
				BFDC711F248DDAD4004345D9 /* Base */,
			);
			name = Main.storyboard;
			sourceTree = "<group>";
		};
		BFDC7123248DDAD8004345D9 /* LaunchScreen.storyboard */ = {
			isa = PBXVariantGroup;
			children = (
				BFDC7124248DDAD8004345D9 /* Base */,
			);
			name = LaunchScreen.storyboard;
			sourceTree = "<group>";
		};
/* End PBXVariantGroup section */

/* Begin XCBuildConfiguration section */
		BFDC713F248DDAD8004345D9 /* Debug */ = {
			isa = XCBuildConfiguration;
			buildSettings = {
				ALWAYS_SEARCH_USER_PATHS = NO;
				CLANG_ANALYZER_NONNULL = YES;
				CLANG_ANALYZER_NUMBER_OBJECT_CONVERSION = YES_AGGRESSIVE;
				CLANG_CXX_LANGUAGE_STANDARD = "gnu++14";
				CLANG_CXX_LIBRARY = "libc++";
				CLANG_ENABLE_MODULES = YES;
				CLANG_ENABLE_OBJC_ARC = YES;
				CLANG_ENABLE_OBJC_WEAK = YES;
				CLANG_WARN_BLOCK_CAPTURE_AUTORELEASING = YES;
				CLANG_WARN_BOOL_CONVERSION = YES;
				CLANG_WARN_COMMA = YES;
				CLANG_WARN_CONSTANT_CONVERSION = YES;
				CLANG_WARN_DEPRECATED_OBJC_IMPLEMENTATIONS = YES;
				CLANG_WARN_DIRECT_OBJC_ISA_USAGE = YES_ERROR;
				CLANG_WARN_DOCUMENTATION_COMMENTS = YES;
				CLANG_WARN_EMPTY_BODY = YES;
				CLANG_WARN_ENUM_CONVERSION = YES;
				CLANG_WARN_INFINITE_RECURSION = YES;
				CLANG_WARN_INT_CONVERSION = YES;
				CLANG_WARN_NON_LITERAL_NULL_CONVERSION = YES;
				CLANG_WARN_OBJC_IMPLICIT_RETAIN_SELF = YES;
				CLANG_WARN_OBJC_LITERAL_CONVERSION = YES;
				CLANG_WARN_OBJC_ROOT_CLASS = YES_ERROR;
				CLANG_WARN_RANGE_LOOP_ANALYSIS = YES;
				CLANG_WARN_STRICT_PROTOTYPES = YES;
				CLANG_WARN_SUSPICIOUS_MOVE = YES;
				CLANG_WARN_UNGUARDED_AVAILABILITY = YES_AGGRESSIVE;
				CLANG_WARN_UNREACHABLE_CODE = YES;
				CLANG_WARN__DUPLICATE_METHOD_MATCH = YES;
				COPY_PHASE_STRIP = NO;
				DEBUG_INFORMATION_FORMAT = dwarf;
				ENABLE_STRICT_OBJC_MSGSEND = YES;
				ENABLE_TESTABILITY = YES;
				GCC_C_LANGUAGE_STANDARD = gnu11;
				GCC_DYNAMIC_NO_PIC = NO;
				GCC_NO_COMMON_BLOCKS = YES;
				GCC_OPTIMIZATION_LEVEL = 0;
				GCC_PREPROCESSOR_DEFINITIONS = (
					"DEBUG=1",
					"$(inherited)",
				);
				GCC_WARN_64_TO_32_BIT_CONVERSION = YES;
				GCC_WARN_ABOUT_RETURN_TYPE = YES_ERROR;
				GCC_WARN_UNDECLARED_SELECTOR = YES;
				GCC_WARN_UNINITIALIZED_AUTOS = YES_AGGRESSIVE;
				GCC_WARN_UNUSED_FUNCTION = YES;
				GCC_WARN_UNUSED_VARIABLE = YES;
				IPHONEOS_DEPLOYMENT_TARGET = 13.4;
				MTL_ENABLE_DEBUG_INFO = INCLUDE_SOURCE;
				MTL_FAST_MATH = YES;
				ONLY_ACTIVE_ARCH = YES;
				SDKROOT = iphoneos;
			};
			name = Debug;
		};
		BFDC7140248DDAD8004345D9 /* Release */ = {
			isa = XCBuildConfiguration;
			buildSettings = {
				ALWAYS_SEARCH_USER_PATHS = NO;
				CLANG_ANALYZER_NONNULL = YES;
				CLANG_ANALYZER_NUMBER_OBJECT_CONVERSION = YES_AGGRESSIVE;
				CLANG_CXX_LANGUAGE_STANDARD = "gnu++14";
				CLANG_CXX_LIBRARY = "libc++";
				CLANG_ENABLE_MODULES = YES;
				CLANG_ENABLE_OBJC_ARC = YES;
				CLANG_ENABLE_OBJC_WEAK = YES;
				CLANG_WARN_BLOCK_CAPTURE_AUTORELEASING = YES;
				CLANG_WARN_BOOL_CONVERSION = YES;
				CLANG_WARN_COMMA = YES;
				CLANG_WARN_CONSTANT_CONVERSION = YES;
				CLANG_WARN_DEPRECATED_OBJC_IMPLEMENTATIONS = YES;
				CLANG_WARN_DIRECT_OBJC_ISA_USAGE = YES_ERROR;
				CLANG_WARN_DOCUMENTATION_COMMENTS = YES;
				CLANG_WARN_EMPTY_BODY = YES;
				CLANG_WARN_ENUM_CONVERSION = YES;
				CLANG_WARN_INFINITE_RECURSION = YES;
				CLANG_WARN_INT_CONVERSION = YES;
				CLANG_WARN_NON_LITERAL_NULL_CONVERSION = YES;
				CLANG_WARN_OBJC_IMPLICIT_RETAIN_SELF = YES;
				CLANG_WARN_OBJC_LITERAL_CONVERSION = YES;
				CLANG_WARN_OBJC_ROOT_CLASS = YES_ERROR;
				CLANG_WARN_RANGE_LOOP_ANALYSIS = YES;
				CLANG_WARN_STRICT_PROTOTYPES = YES;
				CLANG_WARN_SUSPICIOUS_MOVE = YES;
				CLANG_WARN_UNGUARDED_AVAILABILITY = YES_AGGRESSIVE;
				CLANG_WARN_UNREACHABLE_CODE = YES;
				CLANG_WARN__DUPLICATE_METHOD_MATCH = YES;
				COPY_PHASE_STRIP = NO;
				DEBUG_INFORMATION_FORMAT = "dwarf-with-dsym";
				ENABLE_NS_ASSERTIONS = NO;
				ENABLE_STRICT_OBJC_MSGSEND = YES;
				GCC_C_LANGUAGE_STANDARD = gnu11;
				GCC_NO_COMMON_BLOCKS = YES;
				GCC_WARN_64_TO_32_BIT_CONVERSION = YES;
				GCC_WARN_ABOUT_RETURN_TYPE = YES_ERROR;
				GCC_WARN_UNDECLARED_SELECTOR = YES;
				GCC_WARN_UNINITIALIZED_AUTOS = YES_AGGRESSIVE;
				GCC_WARN_UNUSED_FUNCTION = YES;
				GCC_WARN_UNUSED_VARIABLE = YES;
				IPHONEOS_DEPLOYMENT_TARGET = 13.4;
				MTL_ENABLE_DEBUG_INFO = NO;
				MTL_FAST_MATH = YES;
				SDKROOT = iphoneos;
				VALIDATE_PRODUCT = YES;
			};
			name = Release;
		};
		BFDC7142248DDAD8004345D9 /* Debug */ = {
			isa = XCBuildConfiguration;
			buildSettings = {
				ASSETCATALOG_COMPILER_APPICON_NAME = AppIcon;
				CODE_SIGN_STYLE = Automatic;
				DEVELOPMENT_TEAM = 2G9DF5JZCK;
				INFOPLIST_FILE = UIDynamicItemDemo/Info.plist;
				LD_RUNPATH_SEARCH_PATHS = (
					"$(inherited)",
					"@executable_path/Frameworks",
				);
				PRODUCT_BUNDLE_IDENTIFIER = com.kaili.UIDynamicItemDemo;
				PRODUCT_NAME = "$(TARGET_NAME)";
				TARGETED_DEVICE_FAMILY = "1,2";
			};
			name = Debug;
		};
		BFDC7143248DDAD8004345D9 /* Release */ = {
			isa = XCBuildConfiguration;
			buildSettings = {
				ASSETCATALOG_COMPILER_APPICON_NAME = AppIcon;
				CODE_SIGN_STYLE = Automatic;
				DEVELOPMENT_TEAM = 2G9DF5JZCK;
				INFOPLIST_FILE = UIDynamicItemDemo/Info.plist;
				LD_RUNPATH_SEARCH_PATHS = (
					"$(inherited)",
					"@executable_path/Frameworks",
				);
				PRODUCT_BUNDLE_IDENTIFIER = com.kaili.UIDynamicItemDemo;
				PRODUCT_NAME = "$(TARGET_NAME)";
				TARGETED_DEVICE_FAMILY = "1,2";
			};
			name = Release;
		};
		BFDC7145248DDAD8004345D9 /* Debug */ = {
			isa = XCBuildConfiguration;
			buildSettings = {
				BUNDLE_LOADER = "$(TEST_HOST)";
				CODE_SIGN_STYLE = Automatic;
				DEVELOPMENT_TEAM = 2G9DF5JZCK;
				INFOPLIST_FILE = UIDynamicItemDemoTests/Info.plist;
				IPHONEOS_DEPLOYMENT_TARGET = 13.4;
				LD_RUNPATH_SEARCH_PATHS = (
					"$(inherited)",
					"@executable_path/Frameworks",
					"@loader_path/Frameworks",
				);
				PRODUCT_BUNDLE_IDENTIFIER = com.kaili.UIDynamicItemDemoTests;
				PRODUCT_NAME = "$(TARGET_NAME)";
				TARGETED_DEVICE_FAMILY = "1,2";
				TEST_HOST = "$(BUILT_PRODUCTS_DIR)/UIDynamicItemDemo.app/UIDynamicItemDemo";
			};
			name = Debug;
		};
		BFDC7146248DDAD8004345D9 /* Release */ = {
			isa = XCBuildConfiguration;
			buildSettings = {
				BUNDLE_LOADER = "$(TEST_HOST)";
				CODE_SIGN_STYLE = Automatic;
				DEVELOPMENT_TEAM = 2G9DF5JZCK;
				INFOPLIST_FILE = UIDynamicItemDemoTests/Info.plist;
				IPHONEOS_DEPLOYMENT_TARGET = 13.4;
				LD_RUNPATH_SEARCH_PATHS = (
					"$(inherited)",
					"@executable_path/Frameworks",
					"@loader_path/Frameworks",
				);
				PRODUCT_BUNDLE_IDENTIFIER = com.kaili.UIDynamicItemDemoTests;
				PRODUCT_NAME = "$(TARGET_NAME)";
				TARGETED_DEVICE_FAMILY = "1,2";
				TEST_HOST = "$(BUILT_PRODUCTS_DIR)/UIDynamicItemDemo.app/UIDynamicItemDemo";
			};
			name = Release;
		};
		BFDC7148248DDAD8004345D9 /* Debug */ = {
			isa = XCBuildConfiguration;
			buildSettings = {
				CODE_SIGN_STYLE = Automatic;
				DEVELOPMENT_TEAM = 2G9DF5JZCK;
				INFOPLIST_FILE = UIDynamicItemDemoUITests/Info.plist;
				LD_RUNPATH_SEARCH_PATHS = (
					"$(inherited)",
					"@executable_path/Frameworks",
					"@loader_path/Frameworks",
				);
				PRODUCT_BUNDLE_IDENTIFIER = com.kaili.UIDynamicItemDemoUITests;
				PRODUCT_NAME = "$(TARGET_NAME)";
				TARGETED_DEVICE_FAMILY = "1,2";
				TEST_TARGET_NAME = UIDynamicItemDemo;
			};
			name = Debug;
		};
		BFDC7149248DDAD8004345D9 /* Release */ = {
			isa = XCBuildConfiguration;
			buildSettings = {
				CODE_SIGN_STYLE = Automatic;
				DEVELOPMENT_TEAM = 2G9DF5JZCK;
				INFOPLIST_FILE = UIDynamicItemDemoUITests/Info.plist;
				LD_RUNPATH_SEARCH_PATHS = (
					"$(inherited)",
					"@executable_path/Frameworks",
					"@loader_path/Frameworks",
				);
				PRODUCT_BUNDLE_IDENTIFIER = com.kaili.UIDynamicItemDemoUITests;
				PRODUCT_NAME = "$(TARGET_NAME)";
				TARGETED_DEVICE_FAMILY = "1,2";
				TEST_TARGET_NAME = UIDynamicItemDemo;
			};
			name = Release;
		};
/* End XCBuildConfiguration section */

/* Begin XCConfigurationList section */
		BFDC710D248DDAD4004345D9 /* Build configuration list for PBXProject "UIDynamicItemDemo" */ = {
			isa = XCConfigurationList;
			buildConfigurations = (
				BFDC713F248DDAD8004345D9 /* Debug */,
				BFDC7140248DDAD8004345D9 /* Release */,
			);
			defaultConfigurationIsVisible = 0;
			defaultConfigurationName = Release;
		};
		BFDC7141248DDAD8004345D9 /* Build configuration list for PBXNativeTarget "UIDynamicItemDemo" */ = {
			isa = XCConfigurationList;
			buildConfigurations = (
				BFDC7142248DDAD8004345D9 /* Debug */,
				BFDC7143248DDAD8004345D9 /* Release */,
			);
			defaultConfigurationIsVisible = 0;
			defaultConfigurationName = Release;
		};
		BFDC7144248DDAD8004345D9 /* Build configuration list for PBXNativeTarget "UIDynamicItemDemoTests" */ = {
			isa = XCConfigurationList;
			buildConfigurations = (
				BFDC7145248DDAD8004345D9 /* Debug */,
				BFDC7146248DDAD8004345D9 /* Release */,
			);
			defaultConfigurationIsVisible = 0;
			defaultConfigurationName = Release;
		};
		BFDC7147248DDAD8004345D9 /* Build configuration list for PBXNativeTarget "UIDynamicItemDemoUITests" */ = {
			isa = XCConfigurationList;
			buildConfigurations = (
				BFDC7148248DDAD8004345D9 /* Debug */,
				BFDC7149248DDAD8004345D9 /* Release */,
			);
			defaultConfigurationIsVisible = 0;
			defaultConfigurationName = Release;
		};
/* End XCConfigurationList section */
	};
	rootObject = BFDC710A248DDAD4004345D9 /* Project object */;
}
